// !$*UTF8*$!
{
	archiveVersion = 1;
	classes = {
	};
	objectVersion = 56;
	objects = {

/* Begin PBXBuildFile section */
		D773A9FC2954F7660012EFCC /* lottoZahlView.swift in Sources */ = {isa = PBXBuildFile; fileRef = D773A9FB2954F7660012EFCC /* lottoZahlView.swift */; };
		D773A9FF2954FD660012EFCC /* Lottie in Frameworks */ = {isa = PBXBuildFile; productRef = D773A9FE2954FD660012EFCC /* Lottie */; };
		D773AA01295503530012EFCC /* Header.swift in Sources */ = {isa = PBXBuildFile; fileRef = D773AA00295503530012EFCC /* Header.swift */; };
		D773AA04295509130012EFCC /* GrowingButton.swift in Sources */ = {isa = PBXBuildFile; fileRef = D773AA03295509130012EFCC /* GrowingButton.swift */; };
		D7A11280294E139000DA1EF0 /* __5LottoSwiftUiApp.swift in Sources */ = {isa = PBXBuildFile; fileRef = D7A1127F294E139000DA1EF0 /* __5LottoSwiftUiApp.swift */; };
		D7A11282294E139000DA1EF0 /* ContentView.swift in Sources */ = {isa = PBXBuildFile; fileRef = D7A11281294E139000DA1EF0 /* ContentView.swift */; };
		D7A11284294E139000DA1EF0 /* Assets.xcassets in Resources */ = {isa = PBXBuildFile; fileRef = D7A11283294E139000DA1EF0 /* Assets.xcassets */; };
		D7A11287294E139000DA1EF0 /* Preview Assets.xcassets in Resources */ = {isa = PBXBuildFile; fileRef = D7A11286294E139000DA1EF0 /* Preview Assets.xcassets */; };
		D7A11291294E139000DA1EF0 /* __5LottoSwiftUiTests.swift in Sources */ = {isa = PBXBuildFile; fileRef = D7A11290294E139000DA1EF0 /* __5LottoSwiftUiTests.swift */; };
		D7A1129B294E139000DA1EF0 /* __5LottoSwiftUiUITests.swift in Sources */ = {isa = PBXBuildFile; fileRef = D7A1129A294E139000DA1EF0 /* __5LottoSwiftUiUITests.swift */; };
		D7A1129D294E139000DA1EF0 /* __5LottoSwiftUiUITestsLaunchTests.swift in Sources */ = {isa = PBXBuildFile; fileRef = D7A1129C294E139000DA1EF0 /* __5LottoSwiftUiUITestsLaunchTests.swift */; };
		D7A112AD294E142000DA1EF0 /* LottoZahlenViewModel.swift in Sources */ = {isa = PBXBuildFile; fileRef = D7A112AC294E142000DA1EF0 /* LottoZahlenViewModel.swift */; };
/* End PBXBuildFile section */

/* Begin PBXContainerItemProxy section */
		D7A1128D294E139000DA1EF0 /* PBXContainerItemProxy */ = {
			isa = PBXContainerItemProxy;
			containerPortal = D7A11274294E138F00DA1EF0 /* Project object */;
			proxyType = 1;
			remoteGlobalIDString = D7A1127B294E139000DA1EF0;
			remoteInfo = 2.5LottoSwiftUi;
		};
		D7A11297294E139000DA1EF0 /* PBXContainerItemProxy */ = {
			isa = PBXContainerItemProxy;
			containerPortal = D7A11274294E138F00DA1EF0 /* Project object */;
			proxyType = 1;
			remoteGlobalIDString = D7A1127B294E139000DA1EF0;
			remoteInfo = 2.5LottoSwiftUi;
		};
/* End PBXContainerItemProxy section */

/* Begin PBXFileReference section */
		D773A9FB2954F7660012EFCC /* lottoZahlView.swift */ = {isa = PBXFileReference; lastKnownFileType = sourcecode.swift; path = lottoZahlView.swift; sourceTree = "<group>"; };
		D773AA00295503530012EFCC /* Header.swift */ = {isa = PBXFileReference; lastKnownFileType = sourcecode.swift; path = Header.swift; sourceTree = "<group>"; };
		D773AA03295509130012EFCC /* GrowingButton.swift */ = {isa = PBXFileReference; lastKnownFileType = sourcecode.swift; path = GrowingButton.swift; sourceTree = "<group>"; };
		D7A1127C294E139000DA1EF0 /* 2.5LottoSwiftUi.app */ = {isa = PBXFileReference; explicitFileType = wrapper.application; includeInIndex = 0; path = 2.5LottoSwiftUi.app; sourceTree = BUILT_PRODUCTS_DIR; };
		D7A1127F294E139000DA1EF0 /* __5LottoSwiftUiApp.swift */ = {isa = PBXFileReference; lastKnownFileType = sourcecode.swift; path = __5LottoSwiftUiApp.swift; sourceTree = "<group>"; };
		D7A11281294E139000DA1EF0 /* ContentView.swift */ = {isa = PBXFileReference; lastKnownFileType = sourcecode.swift; path = ContentView.swift; sourceTree = "<group>"; };
		D7A11283294E139000DA1EF0 /* Assets.xcassets */ = {isa = PBXFileReference; lastKnownFileType = folder.assetcatalog; path = Assets.xcassets; sourceTree = "<group>"; };
		D7A11286294E139000DA1EF0 /* Preview Assets.xcassets */ = {isa = PBXFileReference; lastKnownFileType = folder.assetcatalog; path = "Preview Assets.xcassets"; sourceTree = "<group>"; };
		D7A1128C294E139000DA1EF0 /* 2.5LottoSwiftUiTests.xctest */ = {isa = PBXFileReference; explicitFileType = wrapper.cfbundle; includeInIndex = 0; path = 2.5LottoSwiftUiTests.xctest; sourceTree = BUILT_PRODUCTS_DIR; };
		D7A11290294E139000DA1EF0 /* __5LottoSwiftUiTests.swift */ = {isa = PBXFileReference; lastKnownFileType = sourcecode.swift; path = __5LottoSwiftUiTests.swift; sourceTree = "<group>"; };
		D7A11296294E139000DA1EF0 /* 2.5LottoSwiftUiUITests.xctest */ = {isa = PBXFileReference; explicitFileType = wrapper.cfbundle; includeInIndex = 0; path = 2.5LottoSwiftUiUITests.xctest; sourceTree = BUILT_PRODUCTS_DIR; };
		D7A1129A294E139000DA1EF0 /* __5LottoSwiftUiUITests.swift */ = {isa = PBXFileReference; lastKnownFileType = sourcecode.swift; path = __5LottoSwiftUiUITests.swift; sourceTree = "<group>"; };
		D7A1129C294E139000DA1EF0 /* __5LottoSwiftUiUITestsLaunchTests.swift */ = {isa = PBXFileReference; lastKnownFileType = sourcecode.swift; path = __5LottoSwiftUiUITestsLaunchTests.swift; sourceTree = "<group>"; };
		D7A112AC294E142000DA1EF0 /* LottoZahlenViewModel.swift */ = {isa = PBXFileReference; lastKnownFileType = sourcecode.swift; path = LottoZahlenViewModel.swift; sourceTree = "<group>"; };
/* End PBXFileReference section */

/* Begin PBXFrameworksBuildPhase section */
		D7A11279294E139000DA1EF0 /* Frameworks */ = {
			isa = PBXFrameworksBuildPhase;
			buildActionMask = 2147483647;
			files = (
				D773A9FF2954FD660012EFCC /* Lottie in Frameworks */,
			);
			runOnlyForDeploymentPostprocessing = 0;
		};
		D7A11289294E139000DA1EF0 /* Frameworks */ = {
			isa = PBXFrameworksBuildPhase;
			buildActionMask = 2147483647;
			files = (
			);
			runOnlyForDeploymentPostprocessing = 0;
		};
		D7A11293294E139000DA1EF0 /* Frameworks */ = {
			isa = PBXFrameworksBuildPhase;
			buildActionMask = 2147483647;
			files = (
			);
			runOnlyForDeploymentPostprocessing = 0;
		};
/* End PBXFrameworksBuildPhase section */

/* Begin PBXGroup section */
		D773AA02295508FB0012EFCC /* ButtonStyles */ = {
			isa = PBXGroup;
			children = (
				D773AA03295509130012EFCC /* GrowingButton.swift */,
			);
			path = ButtonStyles;
			sourceTree = "<group>";
		};
		D7A11273294E138F00DA1EF0 = {
			isa = PBXGroup;
			children = (
				D7A1127E294E139000DA1EF0 /* 2.5LottoSwiftUi */,
				D7A1128F294E139000DA1EF0 /* 2.5LottoSwiftUiTests */,
				D7A11299294E139000DA1EF0 /* 2.5LottoSwiftUiUITests */,
				D7A1127D294E139000DA1EF0 /* Products */,
			);
			sourceTree = "<group>";
		};
		D7A1127D294E139000DA1EF0 /* Products */ = {
			isa = PBXGroup;
			children = (
				D7A1127C294E139000DA1EF0 /* 2.5LottoSwiftUi.app */,
				D7A1128C294E139000DA1EF0 /* 2.5LottoSwiftUiTests.xctest */,
				D7A11296294E139000DA1EF0 /* 2.5LottoSwiftUiUITests.xctest */,
			);
			name = Products;
			sourceTree = "<group>";
		};
		D7A1127E294E139000DA1EF0 /* 2.5LottoSwiftUi */ = {
			isa = PBXGroup;
			children = (
				D773AA02295508FB0012EFCC /* ButtonStyles */,
				D7A112AB294E13C000DA1EF0 /* View */,
				D7A112AA294E13BB00DA1EF0 /* ViewModel */,
				D7A112A9294E13B500DA1EF0 /* Model */,
				D7A1127F294E139000DA1EF0 /* __5LottoSwiftUiApp.swift */,
				D7A11281294E139000DA1EF0 /* ContentView.swift */,
				D7A11283294E139000DA1EF0 /* Assets.xcassets */,
				D7A11285294E139000DA1EF0 /* Preview Content */,
			);
			path = 2.5LottoSwiftUi;
			sourceTree = "<group>";
		};
		D7A11285294E139000DA1EF0 /* Preview Content */ = {
			isa = PBXGroup;
			children = (
				D7A11286294E139000DA1EF0 /* Preview Assets.xcassets */,
			);
			path = "Preview Content";
			sourceTree = "<group>";
		};
		D7A1128F294E139000DA1EF0 /* 2.5LottoSwiftUiTests */ = {
			isa = PBXGroup;
			children = (
				D7A11290294E139000DA1EF0 /* __5LottoSwiftUiTests.swift */,
			);
			path = 2.5LottoSwiftUiTests;
			sourceTree = "<group>";
		};
		D7A11299294E139000DA1EF0 /* 2.5LottoSwiftUiUITests */ = {
			isa = PBXGroup;
			children = (
				D7A1129A294E139000DA1EF0 /* __5LottoSwiftUiUITests.swift */,
				D7A1129C294E139000DA1EF0 /* __5LottoSwiftUiUITestsLaunchTests.swift */,
			);
			path = 2.5LottoSwiftUiUITests;
			sourceTree = "<group>";
		};
		D7A112A9294E13B500DA1EF0 /* Model */ = {
			isa = PBXGroup;
			children = (
			);
			path = Model;
			sourceTree = "<group>";
		};
		D7A112AA294E13BB00DA1EF0 /* ViewModel */ = {
			isa = PBXGroup;
			children = (
				D7A112AC294E142000DA1EF0 /* LottoZahlenViewModel.swift */,
			);
			path = ViewModel;
			sourceTree = "<group>";
		};
		D7A112AB294E13C000DA1EF0 /* View */ = {
			isa = PBXGroup;
			children = (
				D773A9FB2954F7660012EFCC /* lottoZahlView.swift */,
				D773AA00295503530012EFCC /* Header.swift */,
			);
			path = View;
			sourceTree = "<group>";
		};
/* End PBXGroup section */

/* Begin PBXNativeTarget section */
		D7A1127B294E139000DA1EF0 /* 2.5LottoSwiftUi */ = {
			isa = PBXNativeTarget;
			buildConfigurationList = D7A112A0294E139000DA1EF0 /* Build configuration list for PBXNativeTarget "2.5LottoSwiftUi" */;
			buildPhases = (
				D7A11278294E139000DA1EF0 /* Sources */,
				D7A11279294E139000DA1EF0 /* Frameworks */,
				D7A1127A294E139000DA1EF0 /* Resources */,
			);
			buildRules = (
			);
			dependencies = (
			);
			name = 2.5LottoSwiftUi;
			packageProductDependencies = (
				D773A9FE2954FD660012EFCC /* Lottie */,
			);
			productName = 2.5LottoSwiftUi;
			productReference = D7A1127C294E139000DA1EF0 /* 2.5LottoSwiftUi.app */;
			productType = "com.apple.product-type.application";
		};
		D7A1128B294E139000DA1EF0 /* 2.5LottoSwiftUiTests */ = {
			isa = PBXNativeTarget;
			buildConfigurationList = D7A112A3294E139000DA1EF0 /* Build configuration list for PBXNativeTarget "2.5LottoSwiftUiTests" */;
			buildPhases = (
				D7A11288294E139000DA1EF0 /* Sources */,
				D7A11289294E139000DA1EF0 /* Frameworks */,
				D7A1128A294E139000DA1EF0 /* Resources */,
			);
			buildRules = (
			);
			dependencies = (
				D7A1128E294E139000DA1EF0 /* PBXTargetDependency */,
			);
			name = 2.5LottoSwiftUiTests;
			productName = 2.5LottoSwiftUiTests;
			productReference = D7A1128C294E139000DA1EF0 /* 2.5LottoSwiftUiTests.xctest */;
			productType = "com.apple.product-type.bundle.unit-test";
		};
		D7A11295294E139000DA1EF0 /* 2.5LottoSwiftUiUITests */ = {
			isa = PBXNativeTarget;
			buildConfigurationList = D7A112A6294E139000DA1EF0 /* Build configuration list for PBXNativeTarget "2.5LottoSwiftUiUITests" */;
			buildPhases = (
				D7A11292294E139000DA1EF0 /* Sources */,
				D7A11293294E139000DA1EF0 /* Frameworks */,
				D7A11294294E139000DA1EF0 /* Resources */,
			);
			buildRules = (
			);
			dependencies = (
				D7A11298294E139000DA1EF0 /* PBXTargetDependency */,
			);
			name = 2.5LottoSwiftUiUITests;
			productName = 2.5LottoSwiftUiUITests;
			productReference = D7A11296294E139000DA1EF0 /* 2.5LottoSwiftUiUITests.xctest */;
			productType = "com.apple.product-type.bundle.ui-testing";
		};
/* End PBXNativeTarget section */

/* Begin PBXProject section */
		D7A11274294E138F00DA1EF0 /* Project object */ = {
			isa = PBXProject;
			attributes = {
				BuildIndependentTargetsInParallel = 1;
				LastSwiftUpdateCheck = 1400;
				LastUpgradeCheck = 1400;
				TargetAttributes = {
					D7A1127B294E139000DA1EF0 = {
						CreatedOnToolsVersion = 14.0.1;
					};
					D7A1128B294E139000DA1EF0 = {
						CreatedOnToolsVersion = 14.0.1;
						TestTargetID = D7A1127B294E139000DA1EF0;
					};
					D7A11295294E139000DA1EF0 = {
						CreatedOnToolsVersion = 14.0.1;
						TestTargetID = D7A1127B294E139000DA1EF0;
					};
				};
			};
			buildConfigurationList = D7A11277294E138F00DA1EF0 /* Build configuration list for PBXProject "2.5LottoSwiftUi" */;
			compatibilityVersion = "Xcode 14.0";
			developmentRegion = en;
			hasScannedForEncodings = 0;
			knownRegions = (
				en,
				Base,
			);
			mainGroup = D7A11273294E138F00DA1EF0;
			packageReferences = (
				D773A9FD2954FD660012EFCC /* XCRemoteSwiftPackageReference "lottie-ios" */,
			);
			productRefGroup = D7A1127D294E139000DA1EF0 /* Products */;
			projectDirPath = "";
			projectRoot = "";
			targets = (
				D7A1127B294E139000DA1EF0 /* 2.5LottoSwiftUi */,
				D7A1128B294E139000DA1EF0 /* 2.5LottoSwiftUiTests */,
				D7A11295294E139000DA1EF0 /* 2.5LottoSwiftUiUITests */,
			);
		};
/* End PBXProject section */

/* Begin PBXResourcesBuildPhase section */
		D7A1127A294E139000DA1EF0 /* Resources */ = {
			isa = PBXResourcesBuildPhase;
			buildActionMask = 2147483647;
			files = (
				D7A11287294E139000DA1EF0 /* Preview Assets.xcassets in Resources */,
				D7A11284294E139000DA1EF0 /* Assets.xcassets in Resources */,
			);
			runOnlyForDeploymentPostprocessing = 0;
		};
		D7A1128A294E139000DA1EF0 /* Resources */ = {
			isa = PBXResourcesBuildPhase;
			buildActionMask = 2147483647;
			files = (
			);
			runOnlyForDeploymentPostprocessing = 0;
		};
		D7A11294294E139000DA1EF0 /* Resources */ = {
			isa = PBXResourcesBuildPhase;
			buildActionMask = 2147483647;
			files = (
			);
			runOnlyForDeploymentPostprocessing = 0;
		};
/* End PBXResourcesBuildPhase section */

/* Begin PBXSourcesBuildPhase section */
		D7A11278294E139000DA1EF0 /* Sources */ = {
			isa = PBXSourcesBuildPhase;
			buildActionMask = 2147483647;
			files = (
				D773AA01295503530012EFCC /* Header.swift in Sources */,
				D7A112AD294E142000DA1EF0 /* LottoZahlenViewModel.swift in Sources */,
				D7A11282294E139000DA1EF0 /* ContentView.swift in Sources */,
				D773A9FC2954F7660012EFCC /* lottoZahlView.swift in Sources */,
				D7A11280294E139000DA1EF0 /* __5LottoSwiftUiApp.swift in Sources */,
				D773AA04295509130012EFCC /* GrowingButton.swift in Sources */,
			);
			runOnlyForDeploymentPostprocessing = 0;
		};
		D7A11288294E139000DA1EF0 /* Sources */ = {
			isa = PBXSourcesBuildPhase;
			buildActionMask = 2147483647;
			files = (
				D7A11291294E139000DA1EF0 /* __5LottoSwiftUiTests.swift in Sources */,
			);
			runOnlyForDeploymentPostprocessing = 0;
		};
		D7A11292294E139000DA1EF0 /* Sources */ = {
			isa = PBXSourcesBuildPhase;
			buildActionMask = 2147483647;
			files = (
				D7A1129B294E139000DA1EF0 /* __5LottoSwiftUiUITests.swift in Sources */,
				D7A1129D294E139000DA1EF0 /* __5LottoSwiftUiUITestsLaunchTests.swift in Sources */,
			);
			runOnlyForDeploymentPostprocessing = 0;
		};
/* End PBXSourcesBuildPhase section */

/* Begin PBXTargetDependency section */
		D7A1128E294E139000DA1EF0 /* PBXTargetDependency */ = {
			isa = PBXTargetDependency;
			target = D7A1127B294E139000DA1EF0 /* 2.5LottoSwiftUi */;
			targetProxy = D7A1128D294E139000DA1EF0 /* PBXContainerItemProxy */;
		};
		D7A11298294E139000DA1EF0 /* PBXTargetDependency */ = {
			isa = PBXTargetDependency;
			target = D7A1127B294E139000DA1EF0 /* 2.5LottoSwiftUi */;
			targetProxy = D7A11297294E139000DA1EF0 /* PBXContainerItemProxy */;
		};
/* End PBXTargetDependency section */

/* Begin XCBuildConfiguration section */
		D7A1129E294E139000DA1EF0 /* Debug */ = {
			isa = XCBuildConfiguration;
			buildSettings = {
				ALWAYS_SEARCH_USER_PATHS = NO;
				CLANG_ANALYZER_NONNULL = YES;
				CLANG_ANALYZER_NUMBER_OBJECT_CONVERSION = YES_AGGRESSIVE;
				CLANG_CXX_LANGUAGE_STANDARD = "gnu++20";
				CLANG_ENABLE_MODULES = YES;
				CLANG_ENABLE_OBJC_ARC = YES;
				CLANG_ENABLE_OBJC_WEAK = YES;
				CLANG_WARN_BLOCK_CAPTURE_AUTORELEASING = YES;
				CLANG_WARN_BOOL_CONVERSION = YES;
				CLANG_WARN_COMMA = YES;
				CLANG_WARN_CONSTANT_CONVERSION = YES;
				CLANG_WARN_DEPRECATED_OBJC_IMPLEMENTATIONS = YES;
				CLANG_WARN_DIRECT_OBJC_ISA_USAGE = YES_ERROR;
				CLANG_WARN_DOCUMENTATION_COMMENTS = YES;
				CLANG_WARN_EMPTY_BODY = YES;
				CLANG_WARN_ENUM_CONVERSION = YES;
				CLANG_WARN_INFINITE_RECURSION = YES;
				CLANG_WARN_INT_CONVERSION = YES;
				CLANG_WARN_NON_LITERAL_NULL_CONVERSION = YES;
				CLANG_WARN_OBJC_IMPLICIT_RETAIN_SELF = YES;
				CLANG_WARN_OBJC_LITERAL_CONVERSION = YES;
				CLANG_WARN_OBJC_ROOT_CLASS = YES_ERROR;
				CLANG_WARN_QUOTED_INCLUDE_IN_FRAMEWORK_HEADER = YES;
				CLANG_WARN_RANGE_LOOP_ANALYSIS = YES;
				CLANG_WARN_STRICT_PROTOTYPES = YES;
				CLANG_WARN_SUSPICIOUS_MOVE = YES;
				CLANG_WARN_UNGUARDED_AVAILABILITY = YES_AGGRESSIVE;
				CLANG_WARN_UNREACHABLE_CODE = YES;
				CLANG_WARN__DUPLICATE_METHOD_MATCH = YES;
				COPY_PHASE_STRIP = NO;
				DEBUG_INFORMATION_FORMAT = dwarf;
				ENABLE_STRICT_OBJC_MSGSEND = YES;
				ENABLE_TESTABILITY = YES;
				GCC_C_LANGUAGE_STANDARD = gnu11;
				GCC_DYNAMIC_NO_PIC = NO;
				GCC_NO_COMMON_BLOCKS = YES;
				GCC_OPTIMIZATION_LEVEL = 0;
				GCC_PREPROCESSOR_DEFINITIONS = (
					"DEBUG=1",
					"$(inherited)",
				);
				GCC_WARN_64_TO_32_BIT_CONVERSION = YES;
				GCC_WARN_ABOUT_RETURN_TYPE = YES_ERROR;
				GCC_WARN_UNDECLARED_SELECTOR = YES;
				GCC_WARN_UNINITIALIZED_AUTOS = YES_AGGRESSIVE;
				GCC_WARN_UNUSED_FUNCTION = YES;
				GCC_WARN_UNUSED_VARIABLE = YES;
				IPHONEOS_DEPLOYMENT_TARGET = 16.0;
				MTL_ENABLE_DEBUG_INFO = INCLUDE_SOURCE;
				MTL_FAST_MATH = YES;
				ONLY_ACTIVE_ARCH = YES;
				SDKROOT = iphoneos;
				SWIFT_ACTIVE_COMPILATION_CONDITIONS = DEBUG;
				SWIFT_OPTIMIZATION_LEVEL = "-Onone";
			};
			name = Debug;
		};
		D7A1129F294E139000DA1EF0 /* Release */ = {
			isa = XCBuildConfiguration;
			buildSettings = {
				ALWAYS_SEARCH_USER_PATHS = NO;
				CLANG_ANALYZER_NONNULL = YES;
				CLANG_ANALYZER_NUMBER_OBJECT_CONVERSION = YES_AGGRESSIVE;
				CLANG_CXX_LANGUAGE_STANDARD = "gnu++20";
				CLANG_ENABLE_MODULES = YES;
				CLANG_ENABLE_OBJC_ARC = YES;
				CLANG_ENABLE_OBJC_WEAK = YES;
				CLANG_WARN_BLOCK_CAPTURE_AUTORELEASING = YES;
				CLANG_WARN_BOOL_CONVERSION = YES;
				CLANG_WARN_COMMA = YES;
				CLANG_WARN_CONSTANT_CONVERSION = YES;
				CLANG_WARN_DEPRECATED_OBJC_IMPLEMENTATIONS = YES;
				CLANG_WARN_DIRECT_OBJC_ISA_USAGE = YES_ERROR;
				CLANG_WARN_DOCUMENTATION_COMMENTS = YES;
				CLANG_WARN_EMPTY_BODY = YES;
				CLANG_WARN_ENUM_CONVERSION = YES;
				CLANG_WARN_INFINITE_RECURSION = YES;
				CLANG_WARN_INT_CONVERSION = YES;
				CLANG_WARN_NON_LITERAL_NULL_CONVERSION = YES;
				CLANG_WARN_OBJC_IMPLICIT_RETAIN_SELF = YES;
				CLANG_WARN_OBJC_LITERAL_CONVERSION = YES;
				CLANG_WARN_OBJC_ROOT_CLASS = YES_ERROR;
				CLANG_WARN_QUOTED_INCLUDE_IN_FRAMEWORK_HEADER = YES;
				CLANG_WARN_RANGE_LOOP_ANALYSIS = YES;
				CLANG_WARN_STRICT_PROTOTYPES = YES;
				CLANG_WARN_SUSPICIOUS_MOVE = YES;
				CLANG_WARN_UNGUARDED_AVAILABILITY = YES_AGGRESSIVE;
				CLANG_WARN_UNREACHABLE_CODE = YES;
				CLANG_WARN__DUPLICATE_METHOD_MATCH = YES;
				COPY_PHASE_STRIP = NO;
				DEBUG_INFORMATION_FORMAT = "dwarf-with-dsym";
				ENABLE_NS_ASSERTIONS = NO;
				ENABLE_STRICT_OBJC_MSGSEND = YES;
				GCC_C_LANGUAGE_STANDARD = gnu11;
				GCC_NO_COMMON_BLOCKS = YES;
				GCC_WARN_64_TO_32_BIT_CONVERSION = YES;
				GCC_WARN_ABOUT_RETURN_TYPE = YES_ERROR;
				GCC_WARN_UNDECLARED_SELECTOR = YES;
				GCC_WARN_UNINITIALIZED_AUTOS = YES_AGGRESSIVE;
				GCC_WARN_UNUSED_FUNCTION = YES;
				GCC_WARN_UNUSED_VARIABLE = YES;
				IPHONEOS_DEPLOYMENT_TARGET = 16.0;
				MTL_ENABLE_DEBUG_INFO = NO;
				MTL_FAST_MATH = YES;
				SDKROOT = iphoneos;
				SWIFT_COMPILATION_MODE = wholemodule;
				SWIFT_OPTIMIZATION_LEVEL = "-O";
				VALIDATE_PRODUCT = YES;
			};
			name = Release;
		};
		D7A112A1294E139000DA1EF0 /* Debug */ = {
			isa = XCBuildConfiguration;
			buildSettings = {
				ASSETCATALOG_COMPILER_APPICON_NAME = AppIcon;
				ASSETCATALOG_COMPILER_GLOBAL_ACCENT_COLOR_NAME = AccentColor;
				CODE_SIGN_STYLE = Automatic;
				CURRENT_PROJECT_VERSION = 1;
				DEVELOPMENT_ASSET_PATHS = "\"2.5LottoSwiftUi/Preview Content\"";
				ENABLE_PREVIEWS = YES;
				GENERATE_INFOPLIST_FILE = YES;
				INFOPLIST_KEY_UIApplicationSceneManifest_Generation = YES;
				INFOPLIST_KEY_UIApplicationSupportsIndirectInputEvents = YES;
				INFOPLIST_KEY_UILaunchScreen_Generation = YES;
				INFOPLIST_KEY_UISupportedInterfaceOrientations = "UIInterfaceOrientationLandscapeLeft UIInterfaceOrientationLandscapeRight UIInterfaceOrientationPortrait";
				INFOPLIST_KEY_UISupportedInterfaceOrientations_iPad = "UIInterfaceOrientationLandscapeLeft UIInterfaceOrientationLandscapeRight UIInterfaceOrientationPortrait UIInterfaceOrientationPortraitUpsideDown";
				LD_RUNPATH_SEARCH_PATHS = (
					"$(inherited)",
					"@executable_path/Frameworks",
				);
				MARKETING_VERSION = 1.0;
				PRODUCT_BUNDLE_IDENTIFIER = "com.syntax.hemmerich.--5LottoSwiftUi";
				PRODUCT_NAME = "$(TARGET_NAME)";
				SWIFT_EMIT_LOC_STRINGS = YES;
				SWIFT_VERSION = 5.0;
				TARGETED_DEVICE_FAMILY = "1,2";
			};
			name = Debug;
		};
		D7A112A2294E139000DA1EF0 /* Release */ = {
			isa = XCBuildConfiguration;
			buildSettings = {
				ASSETCATALOG_COMPILER_APPICON_NAME = AppIcon;
				ASSETCATALOG_COMPILER_GLOBAL_ACCENT_COLOR_NAME = AccentColor;
				CODE_SIGN_STYLE = Automatic;
				CURRENT_PROJECT_VERSION = 1;
				DEVELOPMENT_ASSET_PATHS = "\"2.5LottoSwiftUi/Preview Content\"";
				ENABLE_PREVIEWS = YES;
				GENERATE_INFOPLIST_FILE = YES;
				INFOPLIST_KEY_UIApplicationSceneManifest_Generation = YES;
				INFOPLIST_KEY_UIApplicationSupportsIndirectInputEvents = YES;
				INFOPLIST_KEY_UILaunchScreen_Generation = YES;
				INFOPLIST_KEY_UISupportedInterfaceOrientations = "UIInterfaceOrientationLandscapeLeft UIInterfaceOrientationLandscapeRight UIInterfaceOrientationPortrait";
				INFOPLIST_KEY_UISupportedInterfaceOrientations_iPad = "UIInterfaceOrientationLandscapeLeft UIInterfaceOrientationLandscapeRight UIInterfaceOrientationPortrait UIInterfaceOrientationPortraitUpsideDown";
				LD_RUNPATH_SEARCH_PATHS = (
					"$(inherited)",
					"@executable_path/Frameworks",
				);
				MARKETING_VERSION = 1.0;
				PRODUCT_BUNDLE_IDENTIFIER = "com.syntax.hemmerich.--5LottoSwiftUi";
				PRODUCT_NAME = "$(TARGET_NAME)";
				SWIFT_EMIT_LOC_STRINGS = YES;
				SWIFT_VERSION = 5.0;
				TARGETED_DEVICE_FAMILY = "1,2";
			};
			name = Release;
		};
		D7A112A4294E139000DA1EF0 /* Debug */ = {
			isa = XCBuildConfiguration;
			buildSettings = {
				ALWAYS_EMBED_SWIFT_STANDARD_LIBRARIES = YES;
				BUNDLE_LOADER = "$(TEST_HOST)";
				CODE_SIGN_STYLE = Automatic;
				CURRENT_PROJECT_VERSION = 1;
				GENERATE_INFOPLIST_FILE = YES;
				IPHONEOS_DEPLOYMENT_TARGET = 16.0;
				MARKETING_VERSION = 1.0;
				PRODUCT_BUNDLE_IDENTIFIER = "com.syntax.hemmerich.--5LottoSwiftUiTests";
				PRODUCT_NAME = "$(TARGET_NAME)";
				SWIFT_EMIT_LOC_STRINGS = NO;
				SWIFT_VERSION = 5.0;
				TARGETED_DEVICE_FAMILY = "1,2";
				TEST_HOST = "$(BUILT_PRODUCTS_DIR)/2.5LottoSwiftUi.app/$(BUNDLE_EXECUTABLE_FOLDER_PATH)/2.5LottoSwiftUi";
			};
			name = Debug;
		};
		D7A112A5294E139000DA1EF0 /* Release */ = {
			isa = XCBuildConfiguration;
			buildSettings = {
				ALWAYS_EMBED_SWIFT_STANDARD_LIBRARIES = YES;
				BUNDLE_LOADER = "$(TEST_HOST)";
				CODE_SIGN_STYLE = Automatic;
				CURRENT_PROJECT_VERSION = 1;
				GENERATE_INFOPLIST_FILE = YES;
				IPHONEOS_DEPLOYMENT_TARGET = 16.0;
				MARKETING_VERSION = 1.0;
				PRODUCT_BUNDLE_IDENTIFIER = "com.syntax.hemmerich.--5LottoSwiftUiTests";
				PRODUCT_NAME = "$(TARGET_NAME)";
				SWIFT_EMIT_LOC_STRINGS = NO;
				SWIFT_VERSION = 5.0;
				TARGETED_DEVICE_FAMILY = "1,2";
				TEST_HOST = "$(BUILT_PRODUCTS_DIR)/2.5LottoSwiftUi.app/$(BUNDLE_EXECUTABLE_FOLDER_PATH)/2.5LottoSwiftUi";
			};
			name = Release;
		};
		D7A112A7294E139000DA1EF0 /* Debug */ = {
			isa = XCBuildConfiguration;
			buildSettings = {
				ALWAYS_EMBED_SWIFT_STANDARD_LIBRARIES = YES;
				CODE_SIGN_STYLE = Automatic;
				CURRENT_PROJECT_VERSION = 1;
				GENERATE_INFOPLIST_FILE = YES;
				MARKETING_VERSION = 1.0;
				PRODUCT_BUNDLE_IDENTIFIER = "com.syntax.hemmerich.--5LottoSwiftUiUITests";
				PRODUCT_NAME = "$(TARGET_NAME)";
				SWIFT_EMIT_LOC_STRINGS = NO;
				SWIFT_VERSION = 5.0;
				TARGETED_DEVICE_FAMILY = "1,2";
				TEST_TARGET_NAME = 2.5LottoSwiftUi;
			};
			name = Debug;
		};
		D7A112A8294E139000DA1EF0 /* Release */ = {
			isa = XCBuildConfiguration;
			buildSettings = {
				ALWAYS_EMBED_SWIFT_STANDARD_LIBRARIES = YES;
				CODE_SIGN_STYLE = Automatic;
				CURRENT_PROJECT_VERSION = 1;
				GENERATE_INFOPLIST_FILE = YES;
				MARKETING_VERSION = 1.0;
				PRODUCT_BUNDLE_IDENTIFIER = "com.syntax.hemmerich.--5LottoSwiftUiUITests";
				PRODUCT_NAME = "$(TARGET_NAME)";
				SWIFT_EMIT_LOC_STRINGS = NO;
				SWIFT_VERSION = 5.0;
				TARGETED_DEVICE_FAMILY = "1,2";
				TEST_TARGET_NAME = 2.5LottoSwiftUi;
			};
			name = Release;
		};
/* End XCBuildConfiguration section */

/* Begin XCConfigurationList section */
		D7A11277294E138F00DA1EF0 /* Build configuration list for PBXProject "2.5LottoSwiftUi" */ = {
			isa = XCConfigurationList;
			buildConfigurations = (
				D7A1129E294E139000DA1EF0 /* Debug */,
				D7A1129F294E139000DA1EF0 /* Release */,
			);
			defaultConfigurationIsVisible = 0;
			defaultConfigurationName = Release;
		};
		D7A112A0294E139000DA1EF0 /* Build configuration list for PBXNativeTarget "2.5LottoSwiftUi" */ = {
			isa = XCConfigurationList;
			buildConfigurations = (
				D7A112A1294E139000DA1EF0 /* Debug */,
				D7A112A2294E139000DA1EF0 /* Release */,
			);
			defaultConfigurationIsVisible = 0;
			defaultConfigurationName = Release;
		};
		D7A112A3294E139000DA1EF0 /* Build configuration list for PBXNativeTarget "2.5LottoSwiftUiTests" */ = {
			isa = XCConfigurationList;
			buildConfigurations = (
				D7A112A4294E139000DA1EF0 /* Debug */,
				D7A112A5294E139000DA1EF0 /* Release */,
			);
			defaultConfigurationIsVisible = 0;
			defaultConfigurationName = Release;
		};
		D7A112A6294E139000DA1EF0 /* Build configuration list for PBXNativeTarget "2.5LottoSwiftUiUITests" */ = {
			isa = XCConfigurationList;
			buildConfigurations = (
				D7A112A7294E139000DA1EF0 /* Debug */,
				D7A112A8294E139000DA1EF0 /* Release */,
			);
			defaultConfigurationIsVisible = 0;
			defaultConfigurationName = Release;
		};
/* End XCConfigurationList section */

/* Begin XCRemoteSwiftPackageReference section */
		D773A9FD2954FD660012EFCC /* XCRemoteSwiftPackageReference "lottie-ios" */ = {
			isa = XCRemoteSwiftPackageReference;
			repositoryURL = "https://github.com/airbnb/lottie-ios";
			requirement = {
				kind = upToNextMajorVersion;
				minimumVersion = 4.0.0;
			};
		};
/* End XCRemoteSwiftPackageReference section */

/* Begin XCSwiftPackageProductDependency section */
		D773A9FE2954FD660012EFCC /* Lottie */ = {
			isa = XCSwiftPackageProductDependency;
			package = D773A9FD2954FD660012EFCC /* XCRemoteSwiftPackageReference "lottie-ios" */;
			productName = Lottie;
		};
/* End XCSwiftPackageProductDependency section */
	};
	rootObject = D7A11274294E138F00DA1EF0 /* Project object */;
}
